
Microsoft Visual Studio Solution File, Format Version 12.00
# Visual Studio Version 16
VisualStudioVersion = 16.0.30011.22
MinimumVisualStudioVersion = 10.0.40219.1
Project("{9A19103F-16F7-4668-BE54-9A1E7A4F7556}") = "CalculoMonetarioApi", "CalculoMonetarioApi\CalculoMonetarioApi.csproj", "{DC6308C6-8AA7-4868-B557-70C95F32C1E1}"
EndProject
Project("{9A19103F-16F7-4668-BE54-9A1E7A4F7556}") = "CaulculoMonetarioApi.Negocio", "CaulculoMonetarioApi.Negocio\CaulculoMonetarioApi.Negocio.csproj", "{17D422EC-E928-4746-8754-B32D977A4E83}"
EndProject
Project("{9A19103F-16F7-4668-BE54-9A1E7A4F7556}") = "CalculoMonetarioApi.Infraestrutura", "CalculoMonetarioApi.Infraestrutura\CalculoMonetarioApi.Infraestrutura.csproj", "{7F2A652A-FC78-46DB-B8E7-B9A933AA57E1}"
EndProject
Project("{FAE04EC0-301F-11D3-BF4B-00C04F79EFBC}") = "CalculoMonetarioApi.Teste", "CalculoMonetarioApi.Teste\CalculoMonetarioApi.Teste.csproj", "{505EC08D-F161-4041-8292-63E8FF4A111F}"
EndProject
Project("{E53339B2-1760-4266-BCC7-CA923CBCF16C}") = "docker-compose", "docker-compose.dcproj", "{9B149697-9B8C-4B1E-83AF-8932127CBB3D}"
EndProject
Global
	GlobalSection(SolutionConfigurationPlatforms) = preSolution
		Debug|Any CPU = Debug|Any CPU
		Release|Any CPU = Release|Any CPU
	EndGlobalSection
	GlobalSection(ProjectConfigurationPlatforms) = postSolution
		{DC6308C6-8AA7-4868-B557-70C95F32C1E1}.Debug|Any CPU.ActiveCfg = Debug|Any CPU
		{DC6308C6-8AA7-4868-B557-70C95F32C1E1}.Debug|Any CPU.Build.0 = Debug|Any CPU
		{DC6308C6-8AA7-4868-B557-70C95F32C1E1}.Release|Any CPU.ActiveCfg = Release|Any CPU
		{DC6308C6-8AA7-4868-B557-70C95F32C1E1}.Release|Any CPU.Build.0 = Release|Any CPU
		{17D422EC-E928-4746-8754-B32D977A4E83}.Debug|Any CPU.ActiveCfg = Debug|Any CPU
		{17D422EC-E928-4746-8754-B32D977A4E83}.Debug|Any CPU.Build.0 = Debug|Any CPU
		{17D422EC-E928-4746-8754-B32D977A4E83}.Release|Any CPU.ActiveCfg = Release|Any CPU
		{17D422EC-E928-4746-8754-B32D977A4E83}.Release|Any CPU.Build.0 = Release|Any CPU
		{7F2A652A-FC78-46DB-B8E7-B9A933AA57E1}.Debug|Any CPU.ActiveCfg = Debug|Any CPU
		{7F2A652A-FC78-46DB-B8E7-B9A933AA57E1}.Debug|Any CPU.Build.0 = Debug|Any CPU
		{7F2A652A-FC78-46DB-B8E7-B9A933AA57E1}.Release|Any CPU.ActiveCfg = Release|Any CPU
		{7F2A652A-FC78-46DB-B8E7-B9A933AA57E1}.Release|Any CPU.Build.0 = Release|Any CPU
		{505EC08D-F161-4041-8292-63E8FF4A111F}.Debug|Any CPU.ActiveCfg = Debug|Any CPU
		{505EC08D-F161-4041-8292-63E8FF4A111F}.Debug|Any CPU.Build.0 = Debug|Any CPU
		{505EC08D-F161-4041-8292-63E8FF4A111F}.Release|Any CPU.ActiveCfg = Release|Any CPU
		{505EC08D-F161-4041-8292-63E8FF4A111F}.Release|Any CPU.Build.0 = Release|Any CPU
		{9B149697-9B8C-4B1E-83AF-8932127CBB3D}.Debug|Any CPU.ActiveCfg = Debug|Any CPU
		{9B149697-9B8C-4B1E-83AF-8932127CBB3D}.Debug|Any CPU.Build.0 = Debug|Any CPU
		{9B149697-9B8C-4B1E-83AF-8932127CBB3D}.Release|Any CPU.ActiveCfg = Release|Any CPU
		{9B149697-9B8C-4B1E-83AF-8932127CBB3D}.Release|Any CPU.Build.0 = Release|Any CPU
	EndGlobalSection
	GlobalSection(SolutionProperties) = preSolution
		HideSolutionNode = FALSE
	EndGlobalSection
	GlobalSection(ExtensibilityGlobals) = postSolution
		SolutionGuid = {3E1AE67F-99CB-4739-9045-9473318BBB78}
	EndGlobalSection
EndGlobal
